
Microsoft Visual Studio Solution File, Format Version 12.00
# Visual Studio 2012
Project("{FAE04EC0-301F-11D3-BF4B-00C04F79EFBC}") = "IdentityOwinMVC", "IdentityOwinMVC\IdentityOwinMVC.csproj", "{DD1441BF-D80F-4AEA-B8AC-63EEF4FFC167}"
EndProject
Global
	GlobalSection(TeamFoundationVersionControl) = preSolution
		SccNumberOfProjects = 2
		SccEnterpriseProvider = {4CA58AB2-18FA-4F8D-95D4-32DDF27D184C}
		SccLocalPath0 = .
		SccProjectUniqueName1 = IdentityOwinMVC\\IdentityOwinMVC.csproj
		SccProjectName1 = IdentityOwinMVC
		SccLocalPath1 = IdentityOwinMVC
	EndGlobalSection
	GlobalSection(SolutionConfigurationPlatforms) = preSolution
		Debug|Any CPU = Debug|Any CPU
		Release|Any CPU = Release|Any CPU
	EndGlobalSection
	GlobalSection(ProjectConfigurationPlatforms) = postSolution
		{DD1441BF-D80F-4AEA-B8AC-63EEF4FFC167}.Debug|Any CPU.ActiveCfg = Debug|Any CPU
		{DD1441BF-D80F-4AEA-B8AC-63EEF4FFC167}.Debug|Any CPU.Build.0 = Debug|Any CPU
		{DD1441BF-D80F-4AEA-B8AC-63EEF4FFC167}.Release|Any CPU.ActiveCfg = Release|Any CPU
		{DD1441BF-D80F-4AEA-B8AC-63EEF4FFC167}.Release|Any CPU.Build.0 = Release|Any CPU
	EndGlobalSection
	GlobalSection(SolutionProperties) = preSolution
		HideSolutionNode = FALSE
	EndGlobalSection
EndGlobal
